
Microsoft Visual Studio Solution File, Format Version 12.00
# Visual Studio Version 16
VisualStudioVersion = 16.0.31205.134
MinimumVisualStudioVersion = 10.0.40219.1
Project("{FAE04EC0-301F-11D3-BF4B-00C04F79EFBC}") = "TestApp", "TestApp\TestApp.csproj", "{0DE7E43C-BC2B-4A92-8948-E2B96399D7B5}"
EndProject
Global
	GlobalSection(SolutionConfigurationPlatforms) = preSolution
		Debug|Any CPU = Debug|Any CPU
		Release|Any CPU = Release|Any CPU
	EndGlobalSection
	GlobalSection(ProjectConfigurationPlatforms) = postSolution
		{0DE7E43C-BC2B-4A92-8948-E2B96399D7B5}.Debug|Any CPU.ActiveCfg = Debug|Any CPU
		{0DE7E43C-BC2B-4A92-8948-E2B96399D7B5}.Debug|Any CPU.Build.0 = Debug|Any CPU
		{0DE7E43C-BC2B-4A92-8948-E2B96399D7B5}.Release|Any CPU.ActiveCfg = Release|Any CPU
		{0DE7E43C-BC2B-4A92-8948-E2B96399D7B5}.Release|Any CPU.Build.0 = Release|Any CPU
	EndGlobalSection
	GlobalSection(SolutionProperties) = preSolution
		HideSolutionNode = FALSE
	EndGlobalSection
	GlobalSection(ExtensibilityGlobals) = postSolution
		SolutionGuid = {5ADE9C1A-9D3C-4822-905B-FEDB18F60F33}
	EndGlobalSection
EndGlobal
